# This file is generated by running "yarn install" inside your project.
# Manual changes might be lost - proceed with caution!

__metadata:
  version: 4

"ba-frontend@workspace:.":
  version: 0.0.0-use.local
  resolution: "ba-frontend@workspace:."
  dependencies:
    vue: 2.6.11
  languageName: unknown
  linkType: soft

"vue@npm:2.6.11":
  version: 2.6.11
  resolution: "vue@npm:2.6.11"
  checksum: 2/ba12fa9632c3fa4e46eec0fffeb6ec03fae6eb999bf502628e0e1c4312a3f5ed62e34378b80a4f21c00fe20d772435f56e87f7c0ee761b47cb2999fb6f7fb722
  languageName: node
  linkType: hard
